# THIS IS AN AUTOGENERATED FILE. DO NOT EDIT THIS FILE DIRECTLY.
# yarn lockfile v1


"@alura-monorepo/1-rest-nodejs@file:F:\\1.FAMILY FOLDER\\LUCAS\\STUDY\\GITHUB\\Alura-monorepo\\package\\1-rest-nodejs":
  "resolved" "file:package/1-rest-nodejs"
  "version" "1.0.0"
  dependencies:
    "body-parser" "^1.19.0"
    "consign" "^0.1.6"
    "express" "^4.17.1"
    "moment" "^2.29.1"
    "mysql" "^2.18.1"

"@alura-monorepo/2-api-escalavel@file:F:\\1.FAMILY FOLDER\\LUCAS\\STUDY\\GITHUB\\Alura-monorepo\\package\\2-api-escalavel":
  "resolved" "file:package/2-api-escalavel"
  "version" "1.0.0"
  dependencies:
    "config" "^3.3.6"
    "express" "^4.17.2"
    "mysql2" "^2.3.3"
    "sequelize" "^6.12.0-beta.3"

"@alura-monorepo/alurabank@file:F:\\1.FAMILY FOLDER\\LUCAS\\STUDY\\GITHUB\\Alura-monorepo\\package\\4-typescript":
  "resolved" "file:package/4-typescript"
  "version" "1.0.0"

"@alura-monorepo/blog-do-codigo@file:F:\\1.FAMILY FOLDER\\LUCAS\\STUDY\\GITHUB\\Alura-monorepo\\package\\3-node-jwt":
  "resolved" "file:package/3-node-jwt"
  "version" "1.0.0"
  dependencies:
    "body-parser" "^1.19.0"
    "express" "^4.17.1"
    "nodemon" "^2.0.2"
    "sqlite3" "^5.0.2"

"@sindresorhus/is@^0.14.0":
  "integrity" "sha512-9NET910DNaIPngYnLLPeg+Ogzqsi9uM4mSboU5y6p8S5DzMTVEsJZrawi+BoDNUVBa2DhJqQYUFvMDfgU062LQ=="
  "resolved" "https://registry.npmjs.org/@sindresorhus/is/-/is-0.14.0.tgz"
  "version" "0.14.0"

"@szmarczak/http-timer@^1.1.2":
  "integrity" "sha512-XIB2XbzHTN6ieIjfIMV9hlVcfPU26s2vafYWQcZHWXHOxiaRZYEDKEwdl129Zyg50+foYV2jCgtrqSA6qNuNSA=="
  "resolved" "https://registry.npmjs.org/@szmarczak/http-timer/-/http-timer-1.1.2.tgz"
  "version" "1.1.2"
  dependencies:
    "defer-to-connect" "^1.0.1"

"@types/debug@^4.1.7":
  "integrity" "sha512-9AonUzyTjXXhEOa0DnqpzZi6VHlqKMswga9EXjpXnnqxwLtdvPPtlO8evrI5D9S6asFRCQ6v+wpiUKbw+vKqyg=="
  "resolved" "https://registry.npmjs.org/@types/debug/-/debug-4.1.7.tgz"
  "version" "4.1.7"
  dependencies:
    "@types/ms" "*"

"@types/ms@*":
  "integrity" "sha512-iiUgKzV9AuaEkZqkOLDIvlQiL6ltuZd9tGcW3gwpnX8JbuiuhFlEGmmFXEXkN50Cvq7Os88IY2v0dkDqXYWVgA=="
  "resolved" "https://registry.npmjs.org/@types/ms/-/ms-0.7.31.tgz"
  "version" "0.7.31"

"@types/node@*":
  "integrity" "sha512-eMhwJXc931Ihh4tkU+Y7GiLzT/y/DBNpNtr4yU9O2w3SYBsr9NaOPhQlLKRmoWtI54uNwuo0IOUFQjVOTZYRvw=="
  "resolved" "https://registry.npmjs.org/@types/node/-/node-17.0.0.tgz"
  "version" "17.0.0"

"abbrev@1":
  "integrity" "sha512-nne9/IiQ/hzIhY6pdDnbBtz7DjPTKrY00P/zvPSm5pOFkl6xuGrGnXn/VtTNNfNtAfZ9/1RtehkszU9qcTii0Q=="
  "resolved" "https://registry.npmjs.org/abbrev/-/abbrev-1.1.1.tgz"
  "version" "1.1.1"

"accepts@~1.3.4":
  "integrity" "sha512-PYAthTa2m2VKxuvSD3DPC/Gy+U+sOA1LAuT8mkmRuvw+NACSaeXEQ+NHcVF7rONl6qcaxV3Uuemwawk+7+SJLw=="
  "resolved" "https://registry.npmjs.org/accepts/-/accepts-1.3.8.tgz"
  "version" "1.3.8"
  dependencies:
    "mime-types" "~2.1.34"
    "negotiator" "0.6.3"

"accepts@~1.3.7":
  "integrity" "sha512-Il80Qs2WjYlJIBNzNkK6KYqlVMTbZLXgHx2oT0pU/fjRHyEp+PEfEPY0R3WCwAGVOtauxh1hOxNgIf5bv7dQpA=="
  "resolved" "https://registry.npmjs.org/accepts/-/accepts-1.3.7.tgz"
  "version" "1.3.7"
  dependencies:
    "mime-types" "~2.1.24"
    "negotiator" "0.6.2"

"after@0.8.2":
  "integrity" "sha1-/ts5T58OAqqXaOcCvaI7UF+ufh8="
  "resolved" "https://registry.npmjs.org/after/-/after-0.8.2.tgz"
  "version" "0.8.2"

"ajv@^6.12.3":
  "integrity" "sha512-j3fVLgvTo527anyYyJOGTYJbG+vnnQYvE0m5mmkc1TK+nxAppkCLMIL0aZ4dblVCNoGShhm+kzE4ZUykBoMg4g=="
  "resolved" "https://registry.npmjs.org/ajv/-/ajv-6.12.6.tgz"
  "version" "6.12.6"
  dependencies:
    "fast-deep-equal" "^3.1.1"
    "fast-json-stable-stringify" "^2.0.0"
    "json-schema-traverse" "^0.4.1"
    "uri-js" "^4.2.2"

"ansi-align@^3.0.0":
  "integrity" "sha512-IOfwwBF5iczOjp/WeY4YxyjqAFMQoZufdQWDd19SEExbVLNXqvpzSJ/M7Za4/sCPmQ0+GRquoA7bGcINcxew6w=="
  "resolved" "https://registry.npmjs.org/ansi-align/-/ansi-align-3.0.1.tgz"
  "version" "3.0.1"
  dependencies:
    "string-width" "^4.1.0"

"ansi-regex@^2.0.0":
  "integrity" "sha1-w7M6te42DYbg5ijwRorn7yfWVN8="
  "resolved" "https://registry.npmjs.org/ansi-regex/-/ansi-regex-2.1.1.tgz"
  "version" "2.1.1"

"ansi-regex@^5.0.1":
  "integrity" "sha512-quJQXlTSUGL2LH9SUXo8VwsY4soanhgo6LNSm84E1LBcE8s3O0wpdiRzyR9z/ZZJMlMWv37qOOb9pdJlMUEKFQ=="
  "resolved" "https://registry.npmjs.org/ansi-regex/-/ansi-regex-5.0.1.tgz"
  "version" "5.0.1"

"ansi-styles@^2.2.1":
  "integrity" "sha1-tDLdM1i2NM914eRmQ2gkBTPB3b4="
  "resolved" "https://registry.npmjs.org/ansi-styles/-/ansi-styles-2.2.1.tgz"
  "version" "2.2.1"

"ansi-styles@^4.0.0", "ansi-styles@^4.1.0":
  "integrity" "sha512-zbB9rCJAT1rbjiVDb2hqKFHNYLxgtk8NURxZ3IZwD3F6NtxbXZQCnnSi1Lkx+IDohdPlFp222wVALIheZJQSEg=="
  "resolved" "https://registry.npmjs.org/ansi-styles/-/ansi-styles-4.3.0.tgz"
  "version" "4.3.0"
  dependencies:
    "color-convert" "^2.0.1"

"any-promise@^1.3.0":
  "integrity" "sha1-q8av7tzqUugJzcA3au0845Y10X8="
  "resolved" "https://registry.npmjs.org/any-promise/-/any-promise-1.3.0.tgz"
  "version" "1.3.0"

"anymatch@~3.1.2":
  "integrity" "sha512-P43ePfOAIupkguHUycrc4qJ9kz8ZiuOUijaETwX7THt0Y/GNK7v0aa8rY816xWjZ7rJdA5XdMcpVFTKMq+RvWg=="
  "resolved" "https://registry.npmjs.org/anymatch/-/anymatch-3.1.2.tgz"
  "version" "3.1.2"
  dependencies:
    "normalize-path" "^3.0.0"
    "picomatch" "^2.0.4"

"aproba@^1.0.3":
  "integrity" "sha512-Y9J6ZjXtoYh8RnXVCMOU/ttDmk1aBjunq9vO0ta5x85WDQiQfUF9sIPBITdbiiIVcBo03Hi3jMxigBtsddlXRw=="
  "resolved" "https://registry.npmjs.org/aproba/-/aproba-1.2.0.tgz"
  "version" "1.2.0"

"are-we-there-yet@~1.1.2":
  "integrity" "sha512-nxwy40TuMiUGqMyRHgCSWZ9FM4VAoRP4xUYSTv5ImRog+h9yISPbVH7H8fASCIzYn9wlEv4zvFL7uKDMCFQm3g=="
  "resolved" "https://registry.npmjs.org/are-we-there-yet/-/are-we-there-yet-1.1.7.tgz"
  "version" "1.1.7"
  dependencies:
    "delegates" "^1.0.0"
    "readable-stream" "^2.0.6"

"array-flatten@1.1.1":
  "integrity" "sha1-ml9pkFGx5wczKPKgCJaLZOopVdI="
  "resolved" "https://registry.npmjs.org/array-flatten/-/array-flatten-1.1.1.tgz"
  "version" "1.1.1"

"arraybuffer.slice@~0.0.7":
  "version" "0.0.7"

"asn1@~0.2.3":
  "version" "0.2.6"
  dependencies:
    "safer-buffer" "~2.1.0"

"assert-plus@^1.0.0", "assert-plus@1.0.0":
  "version" "1.0.0"

"async-each-series@0.1.1":
  "version" "0.1.1"

"async@1.5.2":
  "version" "1.5.2"

"asynckit@^0.4.0":
  "version" "0.4.0"

"aws-sign2@~0.7.0":
  "version" "0.7.0"

"aws4@^1.8.0":
  "version" "1.11.0"

"axios@^0.24.0":
  "integrity" "sha512-Q6cWsys88HoPgAaFAVUb0WpPk0O8iTeisR9IMqy9G8AbO4NlpVknrnQS03zzF9PGAWgO3cgletO3VjV/P7VztA=="
  "resolved" "https://registry.npmjs.org/axios/-/axios-0.24.0.tgz"
  "version" "0.24.0"
  dependencies:
    "follow-redirects" "^1.14.4"

"axios@0.21.4":
  "version" "0.21.4"
  dependencies:
    "follow-redirects" "^1.14.0"

"backo2@1.0.2":
  "version" "1.0.2"

"balanced-match@^1.0.0":
  "version" "1.0.2"

"base64-arraybuffer@0.1.4":
  "version" "0.1.4"

"base64id@2.0.0":
  "version" "2.0.0"

"batch@0.6.1":
  "version" "0.6.1"

"bcrypt-pbkdf@^1.0.0":
  "version" "1.0.2"
  dependencies:
    "tweetnacl" "^0.14.3"

"bignumber.js@9.0.0":
  "integrity" "sha512-t/OYhhJ2SD+YGBQcjY8GzzDHEk9f3nerxjtfa6tlMXfe7frs/WozhvCNoGvpM0P3bNf3Gq5ZRMlGr5f3r4/N8A=="
  "resolved" "https://registry.npmjs.org/bignumber.js/-/bignumber.js-9.0.0.tgz"
  "version" "9.0.0"

"binary-extensions@^2.0.0":
  "version" "2.2.0"

"blob@0.0.5":
  "version" "0.0.5"

"block-stream@*":
  "version" "0.0.9"
  dependencies:
    "inherits" "~2.0.0"

"body-parser@^1.19.0", "body-parser@1.19.1":
  "version" "1.19.1"
  dependencies:
    "bytes" "3.1.1"
    "content-type" "~1.0.4"
    "debug" "2.6.9"
    "depd" "~1.1.2"
    "http-errors" "1.8.1"
    "iconv-lite" "0.4.24"
    "on-finished" "~2.3.0"
    "qs" "6.9.6"
    "raw-body" "2.4.2"
    "type-is" "~1.6.18"

"boxen@^5.0.0":
  "version" "5.1.2"
  dependencies:
    "ansi-align" "^3.0.0"
    "camelcase" "^6.2.0"
    "chalk" "^4.1.0"
    "cli-boxes" "^2.2.1"
    "string-width" "^4.2.2"
    "type-fest" "^0.20.2"
    "widest-line" "^3.1.0"
    "wrap-ansi" "^7.0.0"

"brace-expansion@^1.1.7":
  "version" "1.1.11"
  dependencies:
    "balanced-match" "^1.0.0"
    "concat-map" "0.0.1"

"braces@^3.0.1", "braces@~3.0.2":
  "version" "3.0.2"
  dependencies:
    "fill-range" "^7.0.1"

"browser-sync-client@^2.27.7":
  "version" "2.27.7"
  dependencies:
    "etag" "1.8.1"
    "fresh" "0.5.2"
    "mitt" "^1.1.3"
    "rxjs" "^5.5.6"

"browser-sync-ui@^2.27.7":
  "version" "2.27.7"
  dependencies:
    "async-each-series" "0.1.1"
    "connect-history-api-fallback" "^1"
    "immutable" "^3"
    "server-destroy" "1.0.1"
    "socket.io-client" "^2.4.0"
    "stream-throttle" "^0.1.3"

"browser-sync@^2.26.13":
  "version" "2.27.7"
  dependencies:
    "browser-sync-client" "^2.27.7"
    "browser-sync-ui" "^2.27.7"
    "bs-recipes" "1.3.4"
    "bs-snippet-injector" "^2.0.1"
    "chokidar" "^3.5.1"
    "connect" "3.6.6"
    "connect-history-api-fallback" "^1"
    "dev-ip" "^1.0.1"
    "easy-extender" "^2.3.4"
    "eazy-logger" "3.1.0"
    "etag" "^1.8.1"
    "fresh" "^0.5.2"
    "fs-extra" "3.0.1"
    "http-proxy" "^1.18.1"
    "immutable" "^3"
    "localtunnel" "^2.0.1"
    "micromatch" "^4.0.2"
    "opn" "5.3.0"
    "portscanner" "2.1.1"
    "qs" "6.2.3"
    "raw-body" "^2.3.2"
    "resp-modifier" "6.0.2"
    "rx" "4.1.0"
    "send" "0.16.2"
    "serve-index" "1.9.1"
    "serve-static" "1.13.2"
    "server-destroy" "1.0.1"
    "socket.io" "2.4.0"
    "ua-parser-js" "1.0.2"
    "yargs" "^15.4.1"

"bs-recipes@1.3.4":
  "version" "1.3.4"

"bs-snippet-injector@^2.0.1":
  "version" "2.0.1"

"bytes@3.1.1":
  "version" "3.1.1"

"bytes@3.1.2":
  "version" "3.1.2"

"cacheable-request@^6.0.0":
  "version" "6.1.0"
  dependencies:
    "clone-response" "^1.0.2"
    "get-stream" "^5.1.0"
    "http-cache-semantics" "^4.0.0"
    "keyv" "^3.0.0"
    "lowercase-keys" "^2.0.0"
    "normalize-url" "^4.1.0"
    "responselike" "^1.0.2"

"camelcase@^5.0.0":
  "version" "5.3.1"

"camelcase@^6.2.0":
  "version" "6.2.1"

"caseless@~0.12.0":
  "version" "0.12.0"

"chalk@^1.1.3":
  "version" "1.1.3"
  dependencies:
    "ansi-styles" "^2.2.1"
    "escape-string-regexp" "^1.0.2"
    "has-ansi" "^2.0.0"
    "strip-ansi" "^3.0.0"
    "supports-color" "^2.0.0"

"chalk@^4.1.0":
  "version" "4.1.2"
  dependencies:
    "ansi-styles" "^4.1.0"
    "supports-color" "^7.1.0"

"chokidar@^3.5.1":
  "version" "3.5.3"
  dependencies:
    "anymatch" "~3.1.2"
    "braces" "~3.0.2"
    "glob-parent" "~5.1.2"
    "is-binary-path" "~2.1.0"
    "is-glob" "~4.0.1"
    "normalize-path" "~3.0.0"
    "readdirp" "~3.6.0"
  optionalDependencies:
    "fsevents" "~2.3.2"

"chokidar@^3.5.2":
  "version" "3.5.2"
  dependencies:
    "anymatch" "~3.1.2"
    "braces" "~3.0.2"
    "glob-parent" "~5.1.2"
    "is-binary-path" "~2.1.0"
    "is-glob" "~4.0.1"
    "normalize-path" "~3.0.0"
    "readdirp" "~3.6.0"
  optionalDependencies:
    "fsevents" "~2.3.2"

"chownr@^1.1.4":
  "version" "1.1.4"

"ci-info@^2.0.0":
  "version" "2.0.0"

"cli-boxes@^2.2.1":
  "version" "2.2.1"

"cliui@^6.0.0":
  "version" "6.0.0"
  dependencies:
    "string-width" "^4.2.0"
    "strip-ansi" "^6.0.0"
    "wrap-ansi" "^6.2.0"

"cliui@^7.0.2":
  "version" "7.0.4"
  dependencies:
    "string-width" "^4.2.0"
    "strip-ansi" "^6.0.0"
    "wrap-ansi" "^7.0.0"

"clone-response@^1.0.2":
  "version" "1.0.2"
  dependencies:
    "mimic-response" "^1.0.0"

"code-point-at@^1.0.0":
  "version" "1.1.0"

"color-convert@^2.0.1":
  "version" "2.0.1"
  dependencies:
    "color-name" "~1.1.4"

"color-name@~1.1.4":
  "version" "1.1.4"

"combined-stream@^1.0.6", "combined-stream@~1.0.6":
  "version" "1.0.8"
  dependencies:
    "delayed-stream" "~1.0.0"

"commander@^2.2.0":
  "version" "2.20.3"

"component-bind@1.0.0":
  "version" "1.0.0"

"component-emitter@~1.3.0":
  "version" "1.3.0"

"component-emitter@1.2.1":
  "version" "1.2.1"

"component-inherit@0.0.3":
  "version" "0.0.3"

"concat-map@0.0.1":
  "version" "0.0.1"

"concurrently@^6.0.0":
  "version" "6.5.1"
  dependencies:
    "chalk" "^4.1.0"
    "date-fns" "^2.16.1"
    "lodash" "^4.17.21"
    "rxjs" "^6.6.3"
    "spawn-command" "^0.0.2-1"
    "supports-color" "^8.1.0"
    "tree-kill" "^1.2.2"
    "yargs" "^16.2.0"

"config@^3.3.6":
  "version" "3.3.6"
  dependencies:
    "json5" "^2.1.1"

"configstore@^5.0.1":
  "version" "5.0.1"
  dependencies:
    "dot-prop" "^5.2.0"
    "graceful-fs" "^4.1.2"
    "make-dir" "^3.0.0"
    "unique-string" "^2.0.0"
    "write-file-atomic" "^3.0.0"
    "xdg-basedir" "^4.0.0"

"connect-history-api-fallback@^1", "connect-history-api-fallback@^1.6.0":
  "version" "1.6.0"

"connect-logger@^0.0.1":
  "version" "0.0.1"
  dependencies:
    "moment" "*"

"connect@3.6.6":
  "version" "3.6.6"
  dependencies:
    "debug" "2.6.9"
    "finalhandler" "1.1.0"
    "parseurl" "~1.3.2"
    "utils-merge" "1.0.1"

"consign@^0.1.6":
  "integrity" "sha512-Idlqa7N46rD6Odarx9qArbMpPrljc8DjV2DYH6uAFoOLITtuanhi2S/Z4LX4Jvg6+ef16Mjwwp5k5c5fMoOzIA=="
  "resolved" "https://registry.npmjs.org/consign/-/consign-0.1.6.tgz"
  "version" "0.1.6"

"console-control-strings@^1.0.0", "console-control-strings@~1.1.0":
  "version" "1.1.0"

"content-disposition@0.5.4":
  "version" "0.5.4"
  dependencies:
    "safe-buffer" "5.2.1"

"content-type@~1.0.4":
  "version" "1.0.4"

"cookie-signature@1.0.6":
  "version" "1.0.6"

"cookie@~0.4.1":
  "version" "0.4.2"

"cookie@0.4.1":
  "version" "0.4.1"

"core-util-is@~1.0.0":
  "integrity" "sha512-ZQBvi1DcpJ4GDqanjucZ2Hj3wEO5pZDS89BWbkcrvdxksJorwUDDZamX9ldFkp9aw2lmBDLgkObEA4DWNJ9FYQ=="
  "resolved" "https://registry.npmjs.org/core-util-is/-/core-util-is-1.0.3.tgz"
  "version" "1.0.3"

"core-util-is@1.0.2":
  "version" "1.0.2"

"cors@^2.8.5":
  "integrity" "sha512-KIHbLJqu73RGr/hnbrO9uBeixNGuvSQjul/jdFvS/KFSIH1hWVd1ng7zOHx+YrEfInLG7q4n6GHQ9cDtxv/P6g=="
  "resolved" "https://registry.npmjs.org/cors/-/cors-2.8.5.tgz"
  "version" "2.8.5"
  dependencies:
    "object-assign" "^4"
    "vary" "^1"

"crypto-random-string@^2.0.0":
  "version" "2.0.0"

"dashdash@^1.12.0":
  "version" "1.14.1"
  dependencies:
    "assert-plus" "^1.0.0"

"date-fns@^2.16.1":
  "version" "2.28.0"

"debug@^2.2.0", "debug@2.6.9":
  "version" "2.6.9"
  dependencies:
    "ms" "2.0.0"

"debug@^3.2.6":
  "version" "3.2.7"
  dependencies:
    "ms" "^2.1.1"

"debug@^3.2.7":
  "version" "3.2.7"
  dependencies:
    "ms" "^2.1.1"

"debug@^4.3.3":
  "version" "4.3.3"
  dependencies:
    "ms" "2.1.2"

"debug@~3.1.0":
  "version" "3.1.0"
  dependencies:
    "ms" "2.0.0"

"debug@~4.1.0":
  "version" "4.1.1"
  dependencies:
    "ms" "^2.1.1"

"debug@4.3.2":
  "version" "4.3.2"
  dependencies:
    "ms" "2.1.2"

"decamelize@^1.2.0":
  "version" "1.2.0"

"decompress-response@^3.3.0":
  "version" "3.3.0"
  dependencies:
    "mimic-response" "^1.0.0"

"deep-extend@^0.6.0":
  "version" "0.6.0"

"defer-to-connect@^1.0.1":
  "version" "1.1.3"

"delayed-stream@~1.0.0":
  "version" "1.0.0"

"delegates@^1.0.0":
  "version" "1.0.0"

"denque@^2.0.1":
  "version" "2.0.1"

"depd@~1.1.2":
  "version" "1.1.2"

"depd@2.0.0":
  "version" "2.0.0"

"destroy@~1.0.4":
  "version" "1.0.4"

"detect-libc@^1.0.2":
  "version" "1.0.3"

"dev-ip@^1.0.1":
  "version" "1.0.1"

"dlv@^1.1.3":
  "version" "1.1.3"

"dot-prop@^5.2.0":
  "version" "5.3.0"
  dependencies:
    "is-obj" "^2.0.0"

"dottie@^2.0.2":
  "version" "2.0.2"

"duplexer3@^0.1.4":
  "version" "0.1.4"

"easy-extender@^2.3.4":
  "version" "2.3.4"
  dependencies:
    "lodash" "^4.17.10"

"eazy-logger@3.1.0":
  "version" "3.1.0"
  dependencies:
    "tfunk" "^4.0.0"

"ecc-jsbn@~0.1.1":
  "version" "0.1.2"
  dependencies:
    "jsbn" "~0.1.0"
    "safer-buffer" "^2.1.0"

"ee-first@1.1.1":
  "version" "1.1.1"

"emoji-regex@^8.0.0":
  "version" "8.0.0"

"encodeurl@~1.0.1", "encodeurl@~1.0.2":
  "version" "1.0.2"

"end-of-stream@^1.1.0":
  "version" "1.4.4"
  dependencies:
    "once" "^1.4.0"

"engine.io-client@~3.5.0":
  "version" "3.5.2"
  dependencies:
    "component-emitter" "~1.3.0"
    "component-inherit" "0.0.3"
    "debug" "~3.1.0"
    "engine.io-parser" "~2.2.0"
    "has-cors" "1.1.0"
    "indexof" "0.0.1"
    "parseqs" "0.0.6"
    "parseuri" "0.0.6"
    "ws" "~7.4.2"
    "xmlhttprequest-ssl" "~1.6.2"
    "yeast" "0.1.2"

"engine.io-parser@~2.2.0":
  "version" "2.2.1"
  dependencies:
    "after" "0.8.2"
    "arraybuffer.slice" "~0.0.7"
    "base64-arraybuffer" "0.1.4"
    "blob" "0.0.5"
    "has-binary2" "~1.0.2"

"engine.io@~3.5.0":
  "version" "3.5.0"
  dependencies:
    "accepts" "~1.3.4"
    "base64id" "2.0.0"
    "cookie" "~0.4.1"
    "debug" "~4.1.0"
    "engine.io-parser" "~2.2.0"
    "ws" "~7.4.2"

"escalade@^3.1.1":
  "version" "3.1.1"

"escape-goat@^2.0.0":
  "version" "2.1.1"

"escape-html@~1.0.3":
  "version" "1.0.3"

"escape-string-regexp@^1.0.2":
  "version" "1.0.5"

"etag@^1.8.1", "etag@~1.8.1", "etag@1.8.1":
  "version" "1.8.1"

"eventemitter3@^4.0.0":
  "version" "4.0.7"

"express@^4.17.1", "express@^4.17.2":
  "version" "4.17.2"
  dependencies:
    "accepts" "~1.3.7"
    "array-flatten" "1.1.1"
    "body-parser" "1.19.1"
    "content-disposition" "0.5.4"
    "content-type" "~1.0.4"
    "cookie" "0.4.1"
    "cookie-signature" "1.0.6"
    "debug" "2.6.9"
    "depd" "~1.1.2"
    "encodeurl" "~1.0.2"
    "escape-html" "~1.0.3"
    "etag" "~1.8.1"
    "finalhandler" "~1.1.2"
    "fresh" "0.5.2"
    "merge-descriptors" "1.0.1"
    "methods" "~1.1.2"
    "on-finished" "~2.3.0"
    "parseurl" "~1.3.3"
    "path-to-regexp" "0.1.7"
    "proxy-addr" "~2.0.7"
    "qs" "6.9.6"
    "range-parser" "~1.2.1"
    "safe-buffer" "5.2.1"
    "send" "0.17.2"
    "serve-static" "1.14.2"
    "setprototypeof" "1.2.0"
    "statuses" "~1.5.0"
    "type-is" "~1.6.18"
    "utils-merge" "1.0.1"
    "vary" "~1.1.2"

"extend@~3.0.2":
  "version" "3.0.2"

"extsprintf@^1.2.0":
  "version" "1.4.1"

"extsprintf@1.3.0":
  "version" "1.3.0"

"fast-deep-equal@^3.1.1":
  "version" "3.1.3"

"fast-json-stable-stringify@^2.0.0":
  "version" "2.1.0"

"fill-range@^7.0.1":
  "version" "7.0.1"
  dependencies:
    "to-regex-range" "^5.0.1"

"finalhandler@~1.1.2":
  "version" "1.1.2"
  dependencies:
    "debug" "2.6.9"
    "encodeurl" "~1.0.2"
    "escape-html" "~1.0.3"
    "on-finished" "~2.3.0"
    "parseurl" "~1.3.3"
    "statuses" "~1.5.0"
    "unpipe" "~1.0.0"

"finalhandler@1.1.0":
  "version" "1.1.0"
  dependencies:
    "debug" "2.6.9"
    "encodeurl" "~1.0.1"
    "escape-html" "~1.0.3"
    "on-finished" "~2.3.0"
    "parseurl" "~1.3.2"
    "statuses" "~1.3.1"
    "unpipe" "~1.0.0"

"find-up@^4.1.0":
  "version" "4.1.0"
  dependencies:
    "locate-path" "^5.0.0"
    "path-exists" "^4.0.0"

"follow-redirects@^1.0.0", "follow-redirects@^1.14.0", "follow-redirects@^1.14.4":
  "integrity" "sha512-MQDfihBQYMcyy5dhRDJUHcw7lb2Pv/TuE6xP1vyraLukNDHKbDxDNaOE3NbCAdKQApno+GPRyo1YAp89yCjK4w=="
  "resolved" "https://registry.npmjs.org/follow-redirects/-/follow-redirects-1.14.9.tgz"
  "version" "1.14.9"

"forever-agent@~0.6.1":
  "version" "0.6.1"

"form-data@~2.3.2":
  "version" "2.3.3"
  dependencies:
    "asynckit" "^0.4.0"
    "combined-stream" "^1.0.6"
    "mime-types" "^2.1.12"

"forwarded@0.2.0":
  "version" "0.2.0"

"fresh@^0.5.2", "fresh@0.5.2":
  "version" "0.5.2"

"fs-extra@3.0.1":
  "version" "3.0.1"
  dependencies:
    "graceful-fs" "^4.1.2"
    "jsonfile" "^3.0.0"
    "universalify" "^0.1.0"

"fs-minipass@^1.2.7":
  "version" "1.2.7"
  dependencies:
    "minipass" "^2.6.0"

"fs.realpath@^1.0.0":
  "version" "1.0.0"

"fstream@^1.0.0", "fstream@^1.0.12":
  "version" "1.0.12"
  dependencies:
    "graceful-fs" "^4.1.2"
    "inherits" "~2.0.0"
    "mkdirp" ">=0.5 0"
    "rimraf" "2"

"gauge@~2.7.3":
  "version" "2.7.4"
  dependencies:
    "aproba" "^1.0.3"
    "console-control-strings" "^1.0.0"
    "has-unicode" "^2.0.0"
    "object-assign" "^4.1.0"
    "signal-exit" "^3.0.0"
    "string-width" "^1.0.1"
    "strip-ansi" "^3.0.1"
    "wide-align" "^1.1.0"

"generate-function@^2.3.1":
  "version" "2.3.1"
  dependencies:
    "is-property" "^1.0.2"

"get-caller-file@^2.0.1", "get-caller-file@^2.0.5":
  "version" "2.0.5"

"get-stream@^4.1.0":
  "version" "4.1.0"
  dependencies:
    "pump" "^3.0.0"

"get-stream@^5.1.0":
  "version" "5.2.0"
  dependencies:
    "pump" "^3.0.0"

"getpass@^0.1.1":
  "version" "0.1.7"
  dependencies:
    "assert-plus" "^1.0.0"

"glob-parent@~5.1.2":
  "version" "5.1.2"
  dependencies:
    "is-glob" "^4.0.1"

"glob@^7.0.3", "glob@^7.1.3":
  "version" "7.2.0"
  dependencies:
    "fs.realpath" "^1.0.0"
    "inflight" "^1.0.4"
    "inherits" "2"
    "minimatch" "^3.0.4"
    "once" "^1.3.0"
    "path-is-absolute" "^1.0.0"

"global-dirs@^3.0.0":
  "version" "3.0.0"
  dependencies:
    "ini" "2.0.0"

"got@^9.6.0":
  "version" "9.6.0"
  dependencies:
    "@sindresorhus/is" "^0.14.0"
    "@szmarczak/http-timer" "^1.1.2"
    "cacheable-request" "^6.0.0"
    "decompress-response" "^3.3.0"
    "duplexer3" "^0.1.4"
    "get-stream" "^4.1.0"
    "lowercase-keys" "^1.0.1"
    "mimic-response" "^1.0.1"
    "p-cancelable" "^1.0.0"
    "to-readable-stream" "^1.0.0"
    "url-parse-lax" "^3.0.0"

"graceful-fs@^4.1.2":
  "version" "4.2.8"

"graceful-fs@^4.1.6":
  "version" "4.2.9"

"har-schema@^2.0.0":
  "version" "2.0.0"

"har-validator@~5.1.3":
  "version" "5.1.5"
  dependencies:
    "ajv" "^6.12.3"
    "har-schema" "^2.0.0"

"has-ansi@^2.0.0":
  "version" "2.0.0"
  dependencies:
    "ansi-regex" "^2.0.0"

"has-binary2@~1.0.2":
  "version" "1.0.3"
  dependencies:
    "isarray" "2.0.1"

"has-cors@1.1.0":
  "version" "1.1.0"

"has-flag@^3.0.0":
  "version" "3.0.0"

"has-flag@^4.0.0":
  "version" "4.0.0"

"has-unicode@^2.0.0":
  "version" "2.0.1"

"has-yarn@^2.1.0":
  "version" "2.1.0"

"http-cache-semantics@^4.0.0":
  "version" "4.1.0"

"http-errors@~1.6.2":
  "version" "1.6.3"
  dependencies:
    "depd" "~1.1.2"
    "inherits" "2.0.3"
    "setprototypeof" "1.1.0"
    "statuses" ">= 1.4.0 < 2"

"http-errors@1.8.1":
  "version" "1.8.1"
  dependencies:
    "depd" "~1.1.2"
    "inherits" "2.0.4"
    "setprototypeof" "1.2.0"
    "statuses" ">= 1.5.0 < 2"
    "toidentifier" "1.0.1"

"http-errors@2.0.0":
  "version" "2.0.0"
  dependencies:
    "depd" "2.0.0"
    "inherits" "2.0.4"
    "setprototypeof" "1.2.0"
    "statuses" "2.0.1"
    "toidentifier" "1.0.1"

"http-proxy@^1.18.1":
  "version" "1.18.1"
  dependencies:
    "eventemitter3" "^4.0.0"
    "follow-redirects" "^1.0.0"
    "requires-port" "^1.0.0"

"http-signature@~1.2.0":
  "version" "1.2.0"
  dependencies:
    "assert-plus" "^1.0.0"
    "jsprim" "^1.2.2"
    "sshpk" "^1.7.0"

"iconv-lite@^0.4.4", "iconv-lite@0.4.24":
  "version" "0.4.24"
  dependencies:
    "safer-buffer" ">= 2.1.2 < 3"

"iconv-lite@^0.6.3":
  "version" "0.6.3"
  dependencies:
    "safer-buffer" ">= 2.1.2 < 3.0.0"

"ignore-by-default@^1.0.1":
  "version" "1.0.1"

"ignore-walk@^3.0.1":
  "version" "3.0.4"
  dependencies:
    "minimatch" "^3.0.4"

"immutable@^3":
  "version" "3.8.2"

"import-lazy@^2.1.0":
  "version" "2.1.0"

"imurmurhash@^0.1.4":
  "version" "0.1.4"

"indexof@0.0.1":
  "version" "0.0.1"

"inflection@^1.13.1":
  "version" "1.13.1"

"inflight@^1.0.4":
  "version" "1.0.6"
  dependencies:
    "once" "^1.3.0"
    "wrappy" "1"

"inherits@~2.0.0", "inherits@~2.0.3", "inherits@2", "inherits@2.0.4":
  "version" "2.0.4"

"inherits@2.0.3":
  "version" "2.0.3"

"ini@~1.3.0":
  "version" "1.3.8"

"ini@2.0.0":
  "version" "2.0.0"

"ipaddr.js@1.9.1":
  "version" "1.9.1"

"is-binary-path@~2.1.0":
  "version" "2.1.0"
  dependencies:
    "binary-extensions" "^2.0.0"

"is-ci@^2.0.0":
  "version" "2.0.0"
  dependencies:
    "ci-info" "^2.0.0"

"is-extglob@^2.1.1":
  "version" "2.1.1"

"is-fullwidth-code-point@^1.0.0":
  "version" "1.0.0"
  dependencies:
    "number-is-nan" "^1.0.0"

"is-fullwidth-code-point@^3.0.0":
  "version" "3.0.0"

"is-glob@^4.0.1", "is-glob@~4.0.1":
  "version" "4.0.3"
  dependencies:
    "is-extglob" "^2.1.1"

"is-installed-globally@^0.4.0":
  "version" "0.4.0"
  dependencies:
    "global-dirs" "^3.0.0"
    "is-path-inside" "^3.0.2"

"is-npm@^5.0.0":
  "version" "5.0.0"

"is-number-like@^1.0.3":
  "version" "1.0.8"
  dependencies:
    "lodash.isfinite" "^3.3.2"

"is-number@^7.0.0":
  "version" "7.0.0"

"is-obj@^2.0.0":
  "version" "2.0.0"

"is-path-inside@^3.0.2":
  "version" "3.0.3"

"is-property@^1.0.2":
  "version" "1.0.2"

"is-typedarray@^1.0.0", "is-typedarray@~1.0.0":
  "version" "1.0.0"

"is-wsl@^1.1.0":
  "version" "1.1.0"

"is-yarn-global@^0.3.0":
  "version" "0.3.0"

"isarray@~1.0.0":
  "integrity" "sha1-u5NdSFgsuhaMBoNJV6VKPgcSTxE="
  "resolved" "https://registry.npmjs.org/isarray/-/isarray-1.0.0.tgz"
  "version" "1.0.0"

"isarray@2.0.1":
  "integrity" "sha1-o32U7ZzaLVmGXJ92/llu4fM4dB4="
  "resolved" "https://registry.npmjs.org/isarray/-/isarray-2.0.1.tgz"
  "version" "2.0.1"

"isexe@^2.0.0":
  "version" "2.0.0"

"isstream@~0.1.2":
  "version" "0.1.2"

"jsbn@~0.1.0":
  "version" "0.1.1"

"json-buffer@3.0.0":
  "version" "3.0.0"

"json-schema-traverse@^0.4.1":
  "version" "0.4.1"

"json-schema@0.4.0":
  "version" "0.4.0"

"json-stringify-safe@~5.0.1":
  "version" "5.0.1"

"json5@^2.1.1":
  "version" "2.2.0"
  dependencies:
    "minimist" "^1.2.5"

"jsonfile@^3.0.0":
  "version" "3.0.1"
  optionalDependencies:
    "graceful-fs" "^4.1.6"

"jsontoxml@^1.0.1":
  "version" "1.0.1"

"jsprim@^1.2.2":
  "version" "1.4.2"
  dependencies:
    "assert-plus" "1.0.0"
    "extsprintf" "1.3.0"
    "json-schema" "0.4.0"
    "verror" "1.10.0"

"keyv@^3.0.0":
  "version" "3.1.0"
  dependencies:
    "json-buffer" "3.0.0"

"latest-version@^5.1.0":
  "version" "5.1.0"
  dependencies:
    "package-json" "^6.3.0"

"limiter@^1.0.5":
  "version" "1.1.5"

"lite-server@^2.6.1":
  "version" "2.6.1"
  dependencies:
    "browser-sync" "^2.26.13"
    "connect-history-api-fallback" "^1.6.0"
    "connect-logger" "^0.0.1"
    "lodash" "^4.17.20"
    "minimist" "^1.2.5"

"localtunnel@^2.0.1":
  "version" "2.0.2"
  dependencies:
    "axios" "0.21.4"
    "debug" "4.3.2"
    "openurl" "1.1.1"
    "yargs" "17.1.1"

"locate-path@^5.0.0":
  "version" "5.0.0"
  dependencies:
    "p-locate" "^4.1.0"

"lodash.isfinite@^3.3.2":
  "version" "3.3.2"

"lodash@^4.17.10", "lodash@^4.17.20", "lodash@^4.17.21":
  "version" "4.17.21"

"long@^4.0.0":
  "version" "4.0.0"

"lowercase-keys@^1.0.0", "lowercase-keys@^1.0.1":
  "version" "1.0.1"

"lowercase-keys@^2.0.0":
  "version" "2.0.0"

"lru-cache@^4.1.3":
  "version" "4.1.5"
  dependencies:
    "pseudomap" "^1.0.2"
    "yallist" "^2.1.2"

"lru-cache@^6.0.0":
  "version" "6.0.0"
  dependencies:
    "yallist" "^4.0.0"

"make-dir@^3.0.0":
  "version" "3.1.0"
  dependencies:
    "semver" "^6.0.0"

"media-typer@0.3.0":
  "version" "0.3.0"

"merge-descriptors@1.0.1":
  "version" "1.0.1"

"methods@~1.1.2":
  "version" "1.1.2"

"micromatch@^4.0.2":
  "version" "4.0.4"
  dependencies:
    "braces" "^3.0.1"
    "picomatch" "^2.2.3"

"mime-db@1.51.0":
  "version" "1.51.0"

"mime-types@^2.1.12", "mime-types@~2.1.17", "mime-types@~2.1.19", "mime-types@~2.1.24", "mime-types@~2.1.34":
  "version" "2.1.34"
  dependencies:
    "mime-db" "1.51.0"

"mime@1.4.1":
  "version" "1.4.1"

"mime@1.6.0":
  "version" "1.6.0"

"mimic-response@^1.0.0", "mimic-response@^1.0.1":
  "version" "1.0.1"

"minimatch@^3.0.2":
  "version" "3.1.2"
  dependencies:
    "brace-expansion" "^1.1.7"

"minimatch@^3.0.4":
  "version" "3.0.4"
  dependencies:
    "brace-expansion" "^1.1.7"

"minimist@^1.2.0", "minimist@^1.2.5":
  "version" "1.2.5"

"minipass@^2.6.0", "minipass@^2.9.0":
  "version" "2.9.0"
  dependencies:
    "safe-buffer" "^5.1.2"
    "yallist" "^3.0.0"

"minizlib@^1.3.3":
  "version" "1.3.3"
  dependencies:
    "minipass" "^2.9.0"

"mitt@^1.1.3":
  "version" "1.2.0"

"mkdirp@^0.5.0", "mkdirp@^0.5.1", "mkdirp@^0.5.5", "mkdirp@>=0.5 0":
  "version" "0.5.5"
  dependencies:
    "minimist" "^1.2.5"

"moment-timezone@^0.5.34":
  "version" "0.5.34"
  dependencies:
    "moment" ">= 2.9.0"

"moment@*", "moment@^2.29.1", "moment@>= 2.9.0":
  "version" "2.29.1"

"ms@^2.1.1":
  "version" "2.1.3"

"ms@2.0.0":
  "version" "2.0.0"

"ms@2.1.2":
  "version" "2.1.2"

"ms@2.1.3":
  "version" "2.1.3"

"mysql@^2.18.1":
  "integrity" "sha512-Bca+gk2YWmqp2Uf6k5NFEurwY/0td0cpebAucFpY/3jhrwrVGuxU2uQFCHjU19SJfje0yQvi+rVWdq78hR5lig=="
  "resolved" "https://registry.npmjs.org/mysql/-/mysql-2.18.1.tgz"
  "version" "2.18.1"
  dependencies:
    "bignumber.js" "9.0.0"
    "readable-stream" "2.3.7"
    "safe-buffer" "5.1.2"
    "sqlstring" "2.3.1"

"mysql2@^2.3.3":
  "version" "2.3.3"
  dependencies:
    "denque" "^2.0.1"
    "generate-function" "^2.3.1"
    "iconv-lite" "^0.6.3"
    "long" "^4.0.0"
    "lru-cache" "^6.0.0"
    "named-placeholders" "^1.1.2"
    "seq-queue" "^0.0.5"
    "sqlstring" "^2.3.2"

"named-placeholders@^1.1.2":
  "version" "1.1.2"
  dependencies:
    "lru-cache" "^4.1.3"

"needle@^2.2.1":
  "version" "2.9.1"
  dependencies:
    "debug" "^3.2.6"
    "iconv-lite" "^0.4.4"
    "sax" "^1.2.4"

"negotiator@0.6.2":
  "version" "0.6.2"

"negotiator@0.6.3":
  "version" "0.6.3"

"node-addon-api@^3.0.0":
  "version" "3.2.1"

"node-gyp@3.x":
  "version" "3.8.0"
  dependencies:
    "fstream" "^1.0.0"
    "glob" "^7.0.3"
    "graceful-fs" "^4.1.2"
    "mkdirp" "^0.5.0"
    "nopt" "2 || 3"
    "npmlog" "0 || 1 || 2 || 3 || 4"
    "osenv" "0"
    "request" "^2.87.0"
    "rimraf" "2"
    "semver" "~5.3.0"
    "tar" "^2.0.0"
    "which" "1"

"node-pre-gyp@^0.11.0":
  "version" "0.11.0"
  dependencies:
    "detect-libc" "^1.0.2"
    "mkdirp" "^0.5.1"
    "needle" "^2.2.1"
    "nopt" "^4.0.1"
    "npm-packlist" "^1.1.6"
    "npmlog" "^4.0.2"
    "rc" "^1.2.7"
    "rimraf" "^2.6.1"
    "semver" "^5.3.0"
    "tar" "^4"

"nodemon@^2.0.15", "nodemon@^2.0.2":
  "version" "2.0.15"
  dependencies:
    "chokidar" "^3.5.2"
    "debug" "^3.2.7"
    "ignore-by-default" "^1.0.1"
    "minimatch" "^3.0.4"
    "pstree.remy" "^1.1.8"
    "semver" "^5.7.1"
    "supports-color" "^5.5.0"
    "touch" "^3.1.0"
    "undefsafe" "^2.0.5"
    "update-notifier" "^5.1.0"

"nopt@^4.0.1":
  "version" "4.0.3"
  dependencies:
    "abbrev" "1"
    "osenv" "^0.1.4"

"nopt@~1.0.10":
  "version" "1.0.10"
  dependencies:
    "abbrev" "1"

"nopt@2 || 3":
  "version" "3.0.6"
  dependencies:
    "abbrev" "1"

"normalize-path@^3.0.0", "normalize-path@~3.0.0":
  "version" "3.0.0"

"normalize-url@^4.1.0":
  "version" "4.5.1"

"npm-bundled@^1.0.1":
  "version" "1.1.2"
  dependencies:
    "npm-normalize-package-bin" "^1.0.1"

"npm-normalize-package-bin@^1.0.1":
  "version" "1.0.1"

"npm-packlist@^1.1.6":
  "version" "1.4.8"
  dependencies:
    "ignore-walk" "^3.0.1"
    "npm-bundled" "^1.0.1"
    "npm-normalize-package-bin" "^1.0.1"

"npmlog@^4.0.2", "npmlog@0 || 1 || 2 || 3 || 4":
  "version" "4.1.2"
  dependencies:
    "are-we-there-yet" "~1.1.2"
    "console-control-strings" "~1.1.0"
    "gauge" "~2.7.3"
    "set-blocking" "~2.0.0"

"number-is-nan@^1.0.0":
  "version" "1.0.1"

"oauth-sign@~0.9.0":
  "version" "0.9.0"

"object-assign@^4", "object-assign@^4.1.0":
  "integrity" "sha1-IQmtx5ZYh8/AXLvUQsrIv7s2CGM="
  "resolved" "https://registry.npmjs.org/object-assign/-/object-assign-4.1.1.tgz"
  "version" "4.1.1"

"on-finished@~2.3.0":
  "version" "2.3.0"
  dependencies:
    "ee-first" "1.1.1"

"once@^1.3.0", "once@^1.3.1", "once@^1.4.0":
  "version" "1.4.0"
  dependencies:
    "wrappy" "1"

"openurl@1.1.1":
  "version" "1.1.1"

"opn@5.3.0":
  "version" "5.3.0"
  dependencies:
    "is-wsl" "^1.1.0"

"os-homedir@^1.0.0":
  "version" "1.0.2"

"os-tmpdir@^1.0.0":
  "version" "1.0.2"

"osenv@^0.1.4", "osenv@0":
  "version" "0.1.5"
  dependencies:
    "os-homedir" "^1.0.0"
    "os-tmpdir" "^1.0.0"

"p-cancelable@^1.0.0":
  "version" "1.1.0"

"p-limit@^2.2.0":
  "version" "2.3.0"
  dependencies:
    "p-try" "^2.0.0"

"p-locate@^4.1.0":
  "version" "4.1.0"
  dependencies:
    "p-limit" "^2.2.0"

"p-try@^2.0.0":
  "version" "2.2.0"

"package-json@^6.3.0":
  "version" "6.5.0"
  dependencies:
    "got" "^9.6.0"
    "registry-auth-token" "^4.0.0"
    "registry-url" "^5.0.0"
    "semver" "^6.2.0"

"parseqs@0.0.6":
  "version" "0.0.6"

"parseuri@0.0.6":
  "version" "0.0.6"

"parseurl@~1.3.2", "parseurl@~1.3.3":
  "version" "1.3.3"

"path-exists@^4.0.0":
  "version" "4.0.0"

"path-is-absolute@^1.0.0":
  "version" "1.0.1"

"path-to-regexp@0.1.7":
  "version" "0.1.7"

"performance-now@^2.1.0":
  "version" "2.1.0"

"pg-connection-string@^2.5.0":
  "version" "2.5.0"

"picomatch@^2.0.4", "picomatch@^2.2.1":
  "version" "2.3.0"

"picomatch@^2.2.3":
  "version" "2.3.1"

"portscanner@2.1.1":
  "version" "2.1.1"
  dependencies:
    "async" "1.5.2"
    "is-number-like" "^1.0.3"

"prepend-http@^2.0.0":
  "version" "2.0.0"

"process-nextick-args@~2.0.0":
  "integrity" "sha512-3ouUOpQhtgrbOa17J7+uxOTpITYWaGP7/AhoR3+A+/1e9skrzelGi/dXzEYyvbxubEF6Wn2ypscTKiKJFFn1ag=="
  "resolved" "https://registry.npmjs.org/process-nextick-args/-/process-nextick-args-2.0.1.tgz"
  "version" "2.0.1"

"proxy-addr@~2.0.7":
  "version" "2.0.7"
  dependencies:
    "forwarded" "0.2.0"
    "ipaddr.js" "1.9.1"

"pseudomap@^1.0.2":
  "version" "1.0.2"

"psl@^1.1.28":
  "version" "1.8.0"

"pstree.remy@^1.1.8":
  "version" "1.1.8"

"pump@^3.0.0":
  "version" "3.0.0"
  dependencies:
    "end-of-stream" "^1.1.0"
    "once" "^1.3.1"

"punycode@^2.1.0", "punycode@^2.1.1":
  "version" "2.1.1"

"pupa@^2.1.1":
  "version" "2.1.1"
  dependencies:
    "escape-goat" "^2.0.0"

"qs@~6.5.2":
  "version" "6.5.3"

"qs@6.2.3":
  "version" "6.2.3"

"qs@6.9.6":
  "version" "6.9.6"

"range-parser@~1.2.0", "range-parser@~1.2.1":
  "version" "1.2.1"

"raw-body@^2.3.2":
  "version" "2.5.1"
  dependencies:
    "bytes" "3.1.2"
    "http-errors" "2.0.0"
    "iconv-lite" "0.4.24"
    "unpipe" "1.0.0"

"raw-body@2.4.2":
  "version" "2.4.2"
  dependencies:
    "bytes" "3.1.1"
    "http-errors" "1.8.1"
    "iconv-lite" "0.4.24"
    "unpipe" "1.0.0"

"rc@^1.2.7", "rc@^1.2.8":
  "version" "1.2.8"
  dependencies:
    "deep-extend" "^0.6.0"
    "ini" "~1.3.0"
    "minimist" "^1.2.0"
    "strip-json-comments" "~2.0.1"

"readable-stream@^2.0.6":

"readable-stream@2.3.7":
  "integrity" "sha512-Ebho8K4jIbHAxnuxi7o42OrZgF/ZTNcsZj6nRKyUmkhLFq8CHItp/fy6hQZuZmP/n3yZ9VBUbp4zz/mX8hmYPw=="
  "resolved" "https://registry.npmjs.org/readable-stream/-/readable-stream-2.3.7.tgz"
  "version" "2.3.7"
  dependencies:
    "core-util-is" "~1.0.0"
    "inherits" "~2.0.3"
    "isarray" "~1.0.0"
    "process-nextick-args" "~2.0.0"
    "safe-buffer" "~5.1.1"
    "string_decoder" "~1.1.1"
    "util-deprecate" "~1.0.1"

"readdirp@~3.6.0":
  "version" "3.6.0"
  dependencies:
    "picomatch" "^2.2.1"

"registry-auth-token@^4.0.0":
  "version" "4.2.1"
  dependencies:
    "rc" "^1.2.8"

"registry-url@^5.0.0":
  "version" "5.1.0"
  dependencies:
    "rc" "^1.2.8"

"request@^2.87.0":
  "version" "2.88.2"
  dependencies:
    "aws-sign2" "~0.7.0"
    "aws4" "^1.8.0"
    "caseless" "~0.12.0"
    "combined-stream" "~1.0.6"
    "extend" "~3.0.2"
    "forever-agent" "~0.6.1"
    "form-data" "~2.3.2"
    "har-validator" "~5.1.3"
    "http-signature" "~1.2.0"
    "is-typedarray" "~1.0.0"
    "isstream" "~0.1.2"
    "json-stringify-safe" "~5.0.1"
    "mime-types" "~2.1.19"
    "oauth-sign" "~0.9.0"
    "performance-now" "^2.1.0"
    "qs" "~6.5.2"
    "safe-buffer" "^5.1.2"
    "tough-cookie" "~2.5.0"
    "tunnel-agent" "^0.6.0"
    "uuid" "^3.3.2"

"require-directory@^2.1.1":
  "version" "2.1.1"

"require-main-filename@^2.0.0":
  "version" "2.0.0"

"requires-port@^1.0.0":
  "version" "1.0.0"

"resp-modifier@6.0.2":
  "version" "6.0.2"
  dependencies:
    "debug" "^2.2.0"
    "minimatch" "^3.0.2"

"responselike@^1.0.2":
  "version" "1.0.2"
  dependencies:
    "lowercase-keys" "^1.0.0"

"retry-as-promised@^4.0.0":
  "version" "4.0.0"
  dependencies:
    "any-promise" "^1.3.0"

"rimraf@^2.6.1", "rimraf@2":
  "version" "2.7.1"
  dependencies:
    "glob" "^7.1.3"

"rx@4.1.0":
  "version" "4.1.0"

"rxjs@^5.5.6":
  "version" "5.5.12"
  dependencies:
    "symbol-observable" "1.0.1"

"rxjs@^6.6.3":
  "version" "6.6.7"
  dependencies:
    "tslib" "^1.9.0"

"safe-buffer@^5.0.1", "safe-buffer@^5.1.2", "safe-buffer@^5.2.1", "safe-buffer@~5.1.0", "safe-buffer@~5.1.1", "safe-buffer@5.1.2", "safe-buffer@5.2.1":
  "version" "5.1.2"

"safer-buffer@^2.0.2", "safer-buffer@^2.1.0", "safer-buffer@>= 2.1.2 < 3", "safer-buffer@>= 2.1.2 < 3.0.0", "safer-buffer@~2.1.0":
  "version" "2.1.2"

"sax@^1.2.4":
  "version" "1.2.4"

"semver-diff@^3.1.1":
  "version" "3.1.1"
  dependencies:
    "semver" "^6.3.0"

"semver@^5.3.0":
  "version" "5.7.1"

"semver@^5.7.1":
  "version" "5.7.1"

"semver@^6.0.0", "semver@^6.2.0", "semver@^6.3.0":
  "version" "6.3.0"

"semver@^7.3.4":
  "version" "7.3.5"
  dependencies:
    "lru-cache" "^6.0.0"

"semver@^7.3.5":
  "version" "7.3.5"
  dependencies:
    "lru-cache" "^6.0.0"

"semver@~5.3.0":
  "version" "5.3.0"

"send@0.16.2":
  "version" "0.16.2"
  dependencies:
    "debug" "2.6.9"
    "depd" "~1.1.2"
    "destroy" "~1.0.4"
    "encodeurl" "~1.0.2"
    "escape-html" "~1.0.3"
    "etag" "~1.8.1"
    "fresh" "0.5.2"
    "http-errors" "~1.6.2"
    "mime" "1.4.1"
    "ms" "2.0.0"
    "on-finished" "~2.3.0"
    "range-parser" "~1.2.0"
    "statuses" "~1.4.0"

"send@0.17.2":
  "version" "0.17.2"
  dependencies:
    "debug" "2.6.9"
    "depd" "~1.1.2"
    "destroy" "~1.0.4"
    "encodeurl" "~1.0.2"
    "escape-html" "~1.0.3"
    "etag" "~1.8.1"
    "fresh" "0.5.2"
    "http-errors" "1.8.1"
    "mime" "1.6.0"
    "ms" "2.1.3"
    "on-finished" "~2.3.0"
    "range-parser" "~1.2.1"
    "statuses" "~1.5.0"

"seq-queue@^0.0.5":
  "version" "0.0.5"

"sequelize-pool@^7.1.0":
  "version" "7.1.0"

"sequelize@^6.12.0-beta.3":
  "version" "6.12.0-beta.3"
  dependencies:
    "@types/debug" "^4.1.7"
    "debug" "^4.3.3"
    "dottie" "^2.0.2"
    "inflection" "^1.13.1"
    "lodash" "^4.17.21"
    "moment" "^2.29.1"
    "moment-timezone" "^0.5.34"
    "pg-connection-string" "^2.5.0"
    "retry-as-promised" "^4.0.0"
    "semver" "^7.3.5"
    "sequelize-pool" "^7.1.0"
    "toposort-class" "^1.0.1"
    "uuid" "^8.3.2"
    "validator" "^13.7.0"
    "wkx" "^0.5.0"

"serve-index@1.9.1":
  "version" "1.9.1"
  dependencies:
    "accepts" "~1.3.4"
    "batch" "0.6.1"
    "debug" "2.6.9"
    "escape-html" "~1.0.3"
    "http-errors" "~1.6.2"
    "mime-types" "~2.1.17"
    "parseurl" "~1.3.2"

"serve-static@1.13.2":
  "version" "1.13.2"
  dependencies:
    "encodeurl" "~1.0.2"
    "escape-html" "~1.0.3"
    "parseurl" "~1.3.2"
    "send" "0.16.2"

"serve-static@1.14.2":
  "version" "1.14.2"
  dependencies:
    "encodeurl" "~1.0.2"
    "escape-html" "~1.0.3"
    "parseurl" "~1.3.3"
    "send" "0.17.2"

"server-destroy@1.0.1":
  "version" "1.0.1"

"set-blocking@^2.0.0", "set-blocking@~2.0.0":
  "version" "2.0.0"

"setprototypeof@1.1.0":
  "version" "1.1.0"

"setprototypeof@1.2.0":
  "version" "1.2.0"

"signal-exit@^3.0.0":
  "version" "3.0.7"

"signal-exit@^3.0.2":
  "version" "3.0.6"

"socket.io-adapter@~1.1.0":
  "version" "1.1.2"

"socket.io-client@^2.4.0", "socket.io-client@2.4.0":
  "version" "2.4.0"
  dependencies:
    "backo2" "1.0.2"
    "component-bind" "1.0.0"
    "component-emitter" "~1.3.0"
    "debug" "~3.1.0"
    "engine.io-client" "~3.5.0"
    "has-binary2" "~1.0.2"
    "indexof" "0.0.1"
    "parseqs" "0.0.6"
    "parseuri" "0.0.6"
    "socket.io-parser" "~3.3.0"
    "to-array" "0.1.4"

"socket.io-parser@~3.3.0":
  "version" "3.3.2"
  dependencies:
    "component-emitter" "~1.3.0"
    "debug" "~3.1.0"
    "isarray" "2.0.1"

"socket.io-parser@~3.4.0":
  "version" "3.4.1"
  dependencies:
    "component-emitter" "1.2.1"
    "debug" "~4.1.0"
    "isarray" "2.0.1"

"socket.io@2.4.0":
  "version" "2.4.0"
  dependencies:
    "debug" "~4.1.0"
    "engine.io" "~3.5.0"
    "has-binary2" "~1.0.2"
    "socket.io-adapter" "~1.1.0"
    "socket.io-client" "2.4.0"
    "socket.io-parser" "~3.4.0"

"spawn-command@^0.0.2-1":
  "version" "0.0.2-1"

"sqlite3@^5.0.2":
  "version" "5.0.2"
  dependencies:
    "node-addon-api" "^3.0.0"
    "node-pre-gyp" "^0.11.0"
  optionalDependencies:
    "node-gyp" "3.x"

"sqlstring@^2.3.2", "sqlstring@2.3.1":
  "version" "2.3.1"

"sshpk@^1.7.0":
  "version" "1.17.0"
  dependencies:
    "asn1" "~0.2.3"
    "assert-plus" "^1.0.0"
    "bcrypt-pbkdf" "^1.0.0"
    "dashdash" "^1.12.0"
    "ecc-jsbn" "~0.1.1"
    "getpass" "^0.1.1"
    "jsbn" "~0.1.0"
    "safer-buffer" "^2.0.2"
    "tweetnacl" "~0.14.0"

"statuses@>= 1.4.0 < 2", "statuses@>= 1.5.0 < 2", "statuses@~1.5.0":
  "version" "1.5.0"

"statuses@~1.3.1":
  "version" "1.3.1"

"statuses@~1.4.0":
  "version" "1.4.0"

"statuses@2.0.1":
  "version" "2.0.1"

"stream-throttle@^0.1.3":
  "version" "0.1.3"
  dependencies:
    "commander" "^2.2.0"
    "limiter" "^1.0.5"

"string_decoder@~1.1.1":
  "integrity" "sha512-n/ShnvDi6FHbbVfviro+WojiFzv+s8MPMHBczVePfUpDJLwoLT0ht1l4YwBCbi8pJAveEEdnkHyPyTP/mzRfwg=="
  "resolved" "https://registry.npmjs.org/string_decoder/-/string_decoder-1.1.1.tgz"
  "version" "1.1.1"
  dependencies:
    "safe-buffer" "~5.1.0"

"string-width@^1.0.1":
  "version" "1.0.2"
  dependencies:
    "code-point-at" "^1.0.0"
    "is-fullwidth-code-point" "^1.0.0"
    "strip-ansi" "^3.0.0"

"string-width@^1.0.2 || 2 || 3 || 4", "string-width@^4.0.0", "string-width@^4.1.0", "string-width@^4.2.0", "string-width@^4.2.2":
  "version" "4.2.3"
  dependencies:
    "emoji-regex" "^8.0.0"
    "is-fullwidth-code-point" "^3.0.0"
    "strip-ansi" "^6.0.1"

"strip-ansi@^3.0.0", "strip-ansi@^3.0.1":
  "version" "3.0.1"
  dependencies:
    "ansi-regex" "^2.0.0"

"strip-ansi@^6.0.0", "strip-ansi@^6.0.1":
  "version" "6.0.1"
  dependencies:
    "ansi-regex" "^5.0.1"

"strip-json-comments@~2.0.1":
  "version" "2.0.1"

"supports-color@^2.0.0":
  "version" "2.0.0"

"supports-color@^5.5.0":
  "version" "5.5.0"
  dependencies:
    "has-flag" "^3.0.0"

"supports-color@^7.1.0":
  "version" "7.2.0"
  dependencies:
    "has-flag" "^4.0.0"

"supports-color@^8.1.0":
  "version" "8.1.1"
  dependencies:
    "has-flag" "^4.0.0"

"symbol-observable@1.0.1":
  "version" "1.0.1"

"tar@^2.0.0":
  "version" "2.2.2"
  dependencies:
    "block-stream" "*"
    "fstream" "^1.0.12"
    "inherits" "2"

"tar@^4":
  "version" "4.4.19"
  dependencies:
    "chownr" "^1.1.4"
    "fs-minipass" "^1.2.7"
    "minipass" "^2.9.0"
    "minizlib" "^1.3.3"
    "mkdirp" "^0.5.5"
    "safe-buffer" "^5.2.1"
    "yallist" "^3.1.1"

"tfunk@^4.0.0":
  "version" "4.0.0"
  dependencies:
    "chalk" "^1.1.3"
    "dlv" "^1.1.3"

"to-array@0.1.4":
  "version" "0.1.4"

"to-readable-stream@^1.0.0":
  "version" "1.0.0"

"to-regex-range@^5.0.1":
  "version" "5.0.1"
  dependencies:
    "is-number" "^7.0.0"

"toidentifier@1.0.1":
  "version" "1.0.1"

"toposort-class@^1.0.1":
  "version" "1.0.1"

"touch@^3.1.0":
  "version" "3.1.0"
  dependencies:
    "nopt" "~1.0.10"

"tough-cookie@~2.5.0":
  "version" "2.5.0"
  dependencies:
    "psl" "^1.1.28"
    "punycode" "^2.1.1"

"tree-kill@^1.2.2":
  "version" "1.2.2"

"tslib@^1.9.0":
  "version" "1.14.1"

"tunnel-agent@^0.6.0":
  "version" "0.6.0"
  dependencies:
    "safe-buffer" "^5.0.1"

"tweetnacl@^0.14.3", "tweetnacl@~0.14.0":
  "version" "0.14.5"

"type-fest@^0.20.2":
  "version" "0.20.2"

"type-is@~1.6.18":
  "version" "1.6.18"
  dependencies:
    "media-typer" "0.3.0"
    "mime-types" "~2.1.24"

"typedarray-to-buffer@^3.1.5":
  "version" "3.1.5"
  dependencies:
    "is-typedarray" "^1.0.0"

"typescript@^4.6.2":
  "version" "4.6.2"

"ua-parser-js@1.0.2":
  "version" "1.0.2"

"undefsafe@^2.0.5":
  "version" "2.0.5"

"unique-string@^2.0.0":
  "version" "2.0.0"
  dependencies:
    "crypto-random-string" "^2.0.0"

"universalify@^0.1.0":
  "version" "0.1.2"

"unpipe@~1.0.0", "unpipe@1.0.0":
  "version" "1.0.0"

"update-notifier@^5.1.0":
  "version" "5.1.0"
  dependencies:
    "boxen" "^5.0.0"
    "chalk" "^4.1.0"
    "configstore" "^5.0.1"
    "has-yarn" "^2.1.0"
    "import-lazy" "^2.1.0"
    "is-ci" "^2.0.0"
    "is-installed-globally" "^0.4.0"
    "is-npm" "^5.0.0"
    "is-yarn-global" "^0.3.0"
    "latest-version" "^5.1.0"
    "pupa" "^2.1.1"
    "semver" "^7.3.4"
    "semver-diff" "^3.1.1"
    "xdg-basedir" "^4.0.0"

"uri-js@^4.2.2":
  "version" "4.4.1"
  dependencies:
    "punycode" "^2.1.0"

"url-parse-lax@^3.0.0":
  "version" "3.0.0"
  dependencies:
    "prepend-http" "^2.0.0"

"util-deprecate@~1.0.1":
  "integrity" "sha1-RQ1Nyfpw3nMnYvvS1KKJgUGaDM8="
  "resolved" "https://registry.npmjs.org/util-deprecate/-/util-deprecate-1.0.2.tgz"
  "version" "1.0.2"

"utils-merge@1.0.1":
  "version" "1.0.1"

"uuid@^3.3.2":
  "version" "3.4.0"

"uuid@^8.3.2":
  "version" "8.3.2"

"validator@^13.7.0":
  "version" "13.7.0"

"vary@^1", "vary@~1.1.2":
  "version" "1.1.2"

"verror@1.10.0":
  "version" "1.10.0"
  dependencies:
    "assert-plus" "^1.0.0"
    "core-util-is" "1.0.2"
    "extsprintf" "^1.2.0"

"which-module@^2.0.0":
  "version" "2.0.0"

"which@1":
  "version" "1.3.1"
  dependencies:
    "isexe" "^2.0.0"

"wide-align@^1.1.0":
  "version" "1.1.5"
  dependencies:
    "string-width" "^1.0.2 || 2 || 3 || 4"

"widest-line@^3.1.0":
  "version" "3.1.0"
  dependencies:
    "string-width" "^4.0.0"

"wkx@^0.5.0":
  "version" "0.5.0"
  dependencies:
    "@types/node" "*"

"wrap-ansi@^6.2.0":
  "version" "6.2.0"
  dependencies:
    "ansi-styles" "^4.0.0"
    "string-width" "^4.1.0"
    "strip-ansi" "^6.0.0"

"wrap-ansi@^7.0.0":
  "version" "7.0.0"
  dependencies:
    "ansi-styles" "^4.0.0"
    "string-width" "^4.1.0"
    "strip-ansi" "^6.0.0"

"wrappy@1":
  "version" "1.0.2"

"write-file-atomic@^3.0.0":
  "version" "3.0.3"
  dependencies:
    "imurmurhash" "^0.1.4"
    "is-typedarray" "^1.0.0"
    "signal-exit" "^3.0.2"
    "typedarray-to-buffer" "^3.1.5"

"ws@~7.4.2":
  "version" "7.4.6"

"xdg-basedir@^4.0.0":
  "version" "4.0.0"

"xmlhttprequest-ssl@~1.6.2":
  "version" "1.6.3"

"y18n@^4.0.0":
  "version" "4.0.3"

"y18n@^5.0.5":
  "version" "5.0.8"

"yallist@^2.1.2":
  "version" "2.1.2"

"yallist@^3.0.0", "yallist@^3.1.1":
  "version" "3.1.1"

"yallist@^4.0.0":
  "version" "4.0.0"

"yargs-parser@^18.1.2":
  "version" "18.1.3"
  dependencies:
    "camelcase" "^5.0.0"
    "decamelize" "^1.2.0"

"yargs-parser@^20.2.2":
  "version" "20.2.9"

"yargs@^15.4.1":
  "version" "15.4.1"
  dependencies:
    "cliui" "^6.0.0"
    "decamelize" "^1.2.0"
    "find-up" "^4.1.0"
    "get-caller-file" "^2.0.1"
    "require-directory" "^2.1.1"
    "require-main-filename" "^2.0.0"
    "set-blocking" "^2.0.0"
    "string-width" "^4.2.0"
    "which-module" "^2.0.0"
    "y18n" "^4.0.0"
    "yargs-parser" "^18.1.2"

"yargs@^16.2.0":
  "version" "16.2.0"
  dependencies:
    "cliui" "^7.0.2"
    "escalade" "^3.1.1"
    "get-caller-file" "^2.0.5"
    "require-directory" "^2.1.1"
    "string-width" "^4.2.0"
    "y18n" "^5.0.5"
    "yargs-parser" "^20.2.2"

"yargs@17.1.1":
  "version" "17.1.1"
  dependencies:
    "cliui" "^7.0.2"
    "escalade" "^3.1.1"
    "get-caller-file" "^2.0.5"
    "require-directory" "^2.1.1"
    "string-width" "^4.2.0"
    "y18n" "^5.0.5"
    "yargs-parser" "^20.2.2"

"yeast@0.1.2":
  "version" "0.1.2"
